{
  "nodes": {
    "netbootpkgs": {
      "locked": {
        "lastModified": 1605910330,
        "narHash": "sha256-Gw6yfyncaXA42TMXRlSEJWt+O85a4ipi/Rv8kJdXVcs=",
        "owner": "matthewbauer",
        "repo": "netboot.nix",
        "rev": "024e2bdd7539ac70411908ae37120fe4395d04cd",
        "type": "github"
      },
      "original": {
        "owner": "matthewbauer",
        "ref": "flakes",
        "repo": "netboot.nix",
        "type": "github"
      }
    },
    "nixpkgs": {
      "locked": {
        "lastModified": 1605447878,
        "narHash": "sha256-gvO1uqPhXOT9k5Gggfll0ZMipPIJuRu9+NFMkTfOya8=",
        "owner": "nixos",
        "repo": "nixpkgs",
        "rev": "069f183f16c3ea5d4b6e7625433b92eba77534f7",
        "type": "github"
      },
      "original": {
        "owner": "nixos",
        "ref": "nixos-unstable",
        "repo": "nixpkgs",
        "type": "github"
      }
    },
    "nixpkgs_2": {
      "locked": {
        "lastModified": 1605447878,
        "narHash": "sha256-gvO1uqPhXOT9k5Gggfll0ZMipPIJuRu9+NFMkTfOya8=",
        "owner": "nixos",
        "repo": "nixpkgs",
        "rev": "069f183f16c3ea5d4b6e7625433b92eba77534f7",
        "type": "github"
      },
      "original": {
        "owner": "nixos",
        "ref": "nixos-unstable",
        "repo": "nixpkgs",
        "type": "github"
      }
    },
    "nixpxe": {
      "inputs": {
        "netbootpkgs": "netbootpkgs",
        "nixpkgs": "nixpkgs_2"
      },
      "locked": {
        "lastModified": 1605912450,
        "narHash": "sha256-krzSAdnXW4KY+k9CH1cs/d1UTnLY5b9kLwiyYKVo3MI=",
        "owner": "matthewbauer",
        "repo": "nixpxe",
        "rev": "4ddd1d2c6e6a38d5ea2f1a247386974ecd095873",
        "type": "github"
      },
      "original": {
        "owner": "matthewbauer",
        "ref": "flakes",
        "repo": "nixpxe",
        "type": "github"
      }
    },
    "root": {
      "inputs": {
        "nixpkgs": "nixpkgs",
        "nixpxe": "nixpxe"
      }
    }
  },
  "root": "root",
  "version": 7
}
