{
  "nodes": {
    "netbootpkgs": {
      "locked": {
        "lastModified": 1605910330,
        "narHash": "sha256-Gw6yfyncaXA42TMXRlSEJWt+O85a4ipi/Rv8kJdXVcs=",
        "owner": "matthewbauer",
        "repo": "netboot.nix",
        "rev": "024e2bdd7539ac70411908ae37120fe4395d04cd",
        "type": "github"
      },
      "original": {
        "owner": "matthewbauer",
        "ref": "flakes",
        "repo": "netboot.nix",
        "type": "github"
      }
    },
    "nixpkgs": {
      "locked": {
        "lastModified": 1605744920,
        "narHash": "sha256-FGg6wSlUv4A0Mue4snu2VRNZOoJVT2+vLkfJ2HGcFeQ=",
        "owner": "nixos",
        "repo": "nixpkgs",
        "rev": "a322b32e9d74fb476944ff6cfb55833dc69cfaaa",
        "type": "github"
      },
      "original": {
        "owner": "nixos",
        "ref": "nixos-unstable",
        "repo": "nixpkgs",
        "type": "github"
      }
    },
    "nixpxe": {
      "inputs": {
        "netbootpkgs": "netbootpkgs"
      },
      "locked": {
        "lastModified": 1606104429,
        "narHash": "sha256-cYlIXowlNnIddHxnsP56vEOLM//ZC0QjKJ0Zzqb32MM=",
        "owner": "matthewbauer",
        "repo": "nixpxe",
        "rev": "c9cbbc84770355f715069eecf1029ade3c7497e0",
        "type": "github"
      },
      "original": {
        "owner": "matthewbauer",
        "ref": "flakes",
        "repo": "nixpxe",
        "type": "github"
      }
    },
    "root": {
      "inputs": {
        "nixpkgs": "nixpkgs",
        "nixpxe": "nixpxe"
      }
    }
  },
  "root": "root",
  "version": 7
}
