{
  "nodes": {
    "netbootpkgs": {
      "locked": {
        "lastModified": 1605910330,
        "narHash": "sha256-Gw6yfyncaXA42TMXRlSEJWt+O85a4ipi/Rv8kJdXVcs=",
        "owner": "matthewbauer",
        "repo": "netboot.nix",
        "rev": "024e2bdd7539ac70411908ae37120fe4395d04cd",
        "type": "github"
      },
      "original": {
        "owner": "matthewbauer",
        "ref": "flakes",
        "repo": "netboot.nix",
        "type": "github"
      }
    },
    "root": {
      "inputs": {
        "netbootpkgs": "netbootpkgs"
      }
    }
  },
  "root": "root",
  "version": 7
}
